
Microsoft Visual Studio Solution File, Format Version 12.00
# Visual Studio Version 17
VisualStudioVersion = 17.1.32414.318
MinimumVisualStudioVersion = 10.0.40219.1
Project("{FAE04EC0-301F-11D3-BF4B-00C04F79EFBC}") = "WFA-SimpleGame", "WFA-SimpleGame\WFA-SimpleGame.csproj", "{B7A1DAF4-DF07-462A-9641-F50C2D0F53D0}"
EndProject
Project("{FAE04EC0-301F-11D3-BF4B-00C04F79EFBC}") = "GameTest", "GameTest\GameTest.csproj", "{995AF2ED-168F-437D-82C0-A0167D0A3335}"
EndProject
Global
	GlobalSection(SolutionConfigurationPlatforms) = preSolution
		Debug|Any CPU = Debug|Any CPU
		Release|Any CPU = Release|Any CPU
	EndGlobalSection
	GlobalSection(ProjectConfigurationPlatforms) = postSolution
		{B7A1DAF4-DF07-462A-9641-F50C2D0F53D0}.Debug|Any CPU.ActiveCfg = Debug|Any CPU
		{B7A1DAF4-DF07-462A-9641-F50C2D0F53D0}.Debug|Any CPU.Build.0 = Debug|Any CPU
		{B7A1DAF4-DF07-462A-9641-F50C2D0F53D0}.Release|Any CPU.ActiveCfg = Release|Any CPU
		{B7A1DAF4-DF07-462A-9641-F50C2D0F53D0}.Release|Any CPU.Build.0 = Release|Any CPU
		{995AF2ED-168F-437D-82C0-A0167D0A3335}.Debug|Any CPU.ActiveCfg = Debug|Any CPU
		{995AF2ED-168F-437D-82C0-A0167D0A3335}.Debug|Any CPU.Build.0 = Debug|Any CPU
		{995AF2ED-168F-437D-82C0-A0167D0A3335}.Release|Any CPU.ActiveCfg = Release|Any CPU
		{995AF2ED-168F-437D-82C0-A0167D0A3335}.Release|Any CPU.Build.0 = Release|Any CPU
	EndGlobalSection
	GlobalSection(SolutionProperties) = preSolution
		HideSolutionNode = FALSE
	EndGlobalSection
	GlobalSection(ExtensibilityGlobals) = postSolution
		SolutionGuid = {67E6DD45-D1DA-4D86-83E3-10711056C3CC}
	EndGlobalSection
EndGlobal
